
Microsoft Visual Studio Solution File, Format Version 12.00
# Visual Studio Version 16
VisualStudioVersion = 16.0.30907.101
MinimumVisualStudioVersion = 10.0.40219.1
Project("{FAE04EC0-301F-11D3-BF4B-00C04F79EFBC}") = "FactoryPatternBestPractices", "FactoryPatternBestPractices\FactoryPatternBestPractices.csproj", "{563C3966-0DFA-440E-9DCA-72C80040E657}"
EndProject
Global
	GlobalSection(SolutionConfigurationPlatforms) = preSolution
		Debug|Any CPU = Debug|Any CPU
		Release|Any CPU = Release|Any CPU
	EndGlobalSection
	GlobalSection(ProjectConfigurationPlatforms) = postSolution
		{563C3966-0DFA-440E-9DCA-72C80040E657}.Debug|Any CPU.ActiveCfg = Debug|Any CPU
		{563C3966-0DFA-440E-9DCA-72C80040E657}.Debug|Any CPU.Build.0 = Debug|Any CPU
		{563C3966-0DFA-440E-9DCA-72C80040E657}.Release|Any CPU.ActiveCfg = Release|Any CPU
		{563C3966-0DFA-440E-9DCA-72C80040E657}.Release|Any CPU.Build.0 = Release|Any CPU
	EndGlobalSection
	GlobalSection(SolutionProperties) = preSolution
		HideSolutionNode = FALSE
	EndGlobalSection
	GlobalSection(ExtensibilityGlobals) = postSolution
		SolutionGuid = {A30764CC-7AC6-426D-9701-14DA63DD19E5}
	EndGlobalSection
EndGlobal
